// !$*UTF8*$!
{
	archiveVersion = 1;
	classes = {
	};
	objectVersion = 50;
	objects = {

/* Begin PBXBuildFile section */
		5B71BD92215DD4EF00CAF1BE /* MainScreenController.swift in Sources */ = {isa = PBXBuildFile; fileRef = 5B71BD91215DD4EF00CAF1BE /* MainScreenController.swift */; };
		6BED1F78215D902F0030FB4E /* placesMinsk.json in Resources */ = {isa = PBXBuildFile; fileRef = 6BED1F77215D902F0030FB4E /* placesMinsk.json */; };
		6BEDD9AC20FFC7CD003CA67F /* Places.plist in Resources */ = {isa = PBXBuildFile; fileRef = 6BEDD9AB20FFC7CD003CA67F /* Places.plist */; };
		6BEDD9AF20FFE0D5003CA67F /* GradientView.swift in Sources */ = {isa = PBXBuildFile; fileRef = 6BEDD9AE20FFE0D5003CA67F /* GradientView.swift */; };
		6BEDD9B420FFF6E5003CA67F /* DataSource.swift in Sources */ = {isa = PBXBuildFile; fileRef = 6BEDD9B320FFF6E5003CA67F /* DataSource.swift */; };
		D403003E20C8DA37009BBAA7 /* AppDelegate.swift in Sources */ = {isa = PBXBuildFile; fileRef = D403003D20C8DA37009BBAA7 /* AppDelegate.swift */; };
		D403004020C8DA37009BBAA7 /* MainViewController.swift in Sources */ = {isa = PBXBuildFile; fileRef = D403003F20C8DA37009BBAA7 /* MainViewController.swift */; };
		D403004320C8DA37009BBAA7 /* Main.storyboard in Resources */ = {isa = PBXBuildFile; fileRef = D403004120C8DA37009BBAA7 /* Main.storyboard */; };
		D403004520C8DA39009BBAA7 /* Assets.xcassets in Resources */ = {isa = PBXBuildFile; fileRef = D403004420C8DA39009BBAA7 /* Assets.xcassets */; };
		D403004820C8DA39009BBAA7 /* LaunchScreen.storyboard in Resources */ = {isa = PBXBuildFile; fileRef = D403004620C8DA39009BBAA7 /* LaunchScreen.storyboard */; };
		D46D925F20CB8F38009D1573 /* MapViewCell.swift in Sources */ = {isa = PBXBuildFile; fileRef = D46D925E20CB8F38009D1573 /* MapViewCell.swift */; };
		D46D928220CF8B68009D1573 /* Place.swift in Sources */ = {isa = PBXBuildFile; fileRef = D46D928120CF8B68009D1573 /* Place.swift */; };
		D4DD290320E1E2A1004383BB /* HeaderView.swift in Sources */ = {isa = PBXBuildFile; fileRef = D4DD290120E1E2A1004383BB /* HeaderView.swift */; };
		D4DD290420E1E2A1004383BB /* HeaderView.xib in Resources */ = {isa = PBXBuildFile; fileRef = D4DD290220E1E2A1004383BB /* HeaderView.xib */; };
/* End PBXBuildFile section */

/* Begin PBXFileReference section */
		5B71BD91215DD4EF00CAF1BE /* MainScreenController.swift */ = {isa = PBXFileReference; lastKnownFileType = sourcecode.swift; path = MainScreenController.swift; sourceTree = "<group>"; };
		6BED1F77215D902F0030FB4E /* placesMinsk.json */ = {isa = PBXFileReference; fileEncoding = 4; lastKnownFileType = text.json; path = placesMinsk.json; sourceTree = "<group>"; };
		6BEDD9AB20FFC7CD003CA67F /* Places.plist */ = {isa = PBXFileReference; lastKnownFileType = text.plist.xml; path = Places.plist; sourceTree = "<group>"; };
		6BEDD9AE20FFE0D5003CA67F /* GradientView.swift */ = {isa = PBXFileReference; fileEncoding = 4; lastKnownFileType = sourcecode.swift; path = GradientView.swift; sourceTree = "<group>"; };
		6BEDD9B320FFF6E5003CA67F /* DataSource.swift */ = {isa = PBXFileReference; lastKnownFileType = sourcecode.swift; path = DataSource.swift; sourceTree = "<group>"; };
		D401CBA4210C2A7F00608A15 /* OpenSans-Regular.ttf */ = {isa = PBXFileReference; lastKnownFileType = file; path = "OpenSans-Regular.ttf"; sourceTree = "<group>"; };
		D401CBA5210C2A8000608A15 /* OpenSans-Light.ttf */ = {isa = PBXFileReference; lastKnownFileType = file; path = "OpenSans-Light.ttf"; sourceTree = "<group>"; };
		D403003A20C8DA37009BBAA7 /* VisitMinsk.app */ = {isa = PBXFileReference; explicitFileType = wrapper.application; includeInIndex = 0; path = VisitMinsk.app; sourceTree = BUILT_PRODUCTS_DIR; };
		D403003D20C8DA37009BBAA7 /* AppDelegate.swift */ = {isa = PBXFileReference; lastKnownFileType = sourcecode.swift; path = AppDelegate.swift; sourceTree = "<group>"; };
		D403003F20C8DA37009BBAA7 /* MainViewController.swift */ = {isa = PBXFileReference; lastKnownFileType = sourcecode.swift; path = MainViewController.swift; sourceTree = "<group>"; };
		D403004220C8DA37009BBAA7 /* Base */ = {isa = PBXFileReference; lastKnownFileType = file.storyboard; name = Base; path = Base.lproj/Main.storyboard; sourceTree = "<group>"; };
		D403004420C8DA39009BBAA7 /* Assets.xcassets */ = {isa = PBXFileReference; lastKnownFileType = folder.assetcatalog; path = Assets.xcassets; sourceTree = "<group>"; };
		D403004720C8DA39009BBAA7 /* Base */ = {isa = PBXFileReference; lastKnownFileType = file.storyboard; name = Base; path = Base.lproj/LaunchScreen.storyboard; sourceTree = "<group>"; };
		D403004920C8DA39009BBAA7 /* Info.plist */ = {isa = PBXFileReference; lastKnownFileType = text.plist.xml; path = Info.plist; sourceTree = "<group>"; };
		D46D925E20CB8F38009D1573 /* MapViewCell.swift */ = {isa = PBXFileReference; lastKnownFileType = sourcecode.swift; path = MapViewCell.swift; sourceTree = "<group>"; };
		D46D928120CF8B68009D1573 /* Place.swift */ = {isa = PBXFileReference; lastKnownFileType = sourcecode.swift; path = Place.swift; sourceTree = "<group>"; };
		D4DD290120E1E2A1004383BB /* HeaderView.swift */ = {isa = PBXFileReference; lastKnownFileType = sourcecode.swift; path = HeaderView.swift; sourceTree = "<group>"; };
		D4DD290220E1E2A1004383BB /* HeaderView.xib */ = {isa = PBXFileReference; lastKnownFileType = file.xib; path = HeaderView.xib; sourceTree = "<group>"; };
/* End PBXFileReference section */

/* Begin PBXFrameworksBuildPhase section */
		D403003720C8DA37009BBAA7 /* Frameworks */ = {
			isa = PBXFrameworksBuildPhase;
			buildActionMask = 2147483647;
			files = (
			);
			runOnlyForDeploymentPostprocessing = 0;
		};
/* End PBXFrameworksBuildPhase section */

/* Begin PBXGroup section */
		6BEDD9AA20FFC772003CA67F /* Data */ = {
			isa = PBXGroup;
			children = (
				6BED1F77215D902F0030FB4E /* placesMinsk.json */,
				6BEDD9AB20FFC7CD003CA67F /* Places.plist */,
				D46D928120CF8B68009D1573 /* Place.swift */,
				6BEDD9B320FFF6E5003CA67F /* DataSource.swift */,
			);
			path = Data;
			sourceTree = "<group>";
		};
		6BEDD9AD20FFE0AC003CA67F /* Views */ = {
			isa = PBXGroup;
			children = (
				6BEDD9AE20FFE0D5003CA67F /* GradientView.swift */,
				D4DD290120E1E2A1004383BB /* HeaderView.swift */,
				D4DD290220E1E2A1004383BB /* HeaderView.xib */,
			);
			path = Views;
			sourceTree = "<group>";
		};
		6BEDD9B020FFF3F8003CA67F /* Cells */ = {
			isa = PBXGroup;
			children = (
				D46D925E20CB8F38009D1573 /* MapViewCell.swift */,
			);
			path = Cells;
			sourceTree = "<group>";
		};
		6BEDD9B120FFF50D003CA67F /* ViewControllers */ = {
			isa = PBXGroup;
			children = (
				D403003F20C8DA37009BBAA7 /* MainViewController.swift */,
			);
			path = ViewControllers;
			sourceTree = "<group>";
		};
		6BEDD9B220FFF560003CA67F /* Resources */ = {
			isa = PBXGroup;
			children = (
				D403004120C8DA37009BBAA7 /* Main.storyboard */,
				D403004420C8DA39009BBAA7 /* Assets.xcassets */,
				D403004620C8DA39009BBAA7 /* LaunchScreen.storyboard */,
			);
			path = Resources;
			sourceTree = "<group>";
		};
		D401CBA6210C2A8800608A15 /* Fonts */ = {
			isa = PBXGroup;
			children = (
				D401CBA5210C2A8000608A15 /* OpenSans-Light.ttf */,
				D401CBA4210C2A7F00608A15 /* OpenSans-Regular.ttf */,
			);
			path = Fonts;
			sourceTree = "<group>";
		};
		D403003120C8DA37009BBAA7 = {
			isa = PBXGroup;
			children = (
				D403003C20C8DA37009BBAA7 /* VisitMinsk */,
				D403003B20C8DA37009BBAA7 /* Products */,
			);
			sourceTree = "<group>";
		};
		D403003B20C8DA37009BBAA7 /* Products */ = {
			isa = PBXGroup;
			children = (
				D403003A20C8DA37009BBAA7 /* VisitMinsk.app */,
			);
			name = Products;
			sourceTree = "<group>";
		};
		D403003C20C8DA37009BBAA7 /* VisitMinsk */ = {
			isa = PBXGroup;
			children = (
				D401CBA6210C2A8800608A15 /* Fonts */,
				D403003D20C8DA37009BBAA7 /* AppDelegate.swift */,
				5B71BD91215DD4EF00CAF1BE /* MainScreenController.swift */,
				6BEDD9B020FFF3F8003CA67F /* Cells */,
				6BEDD9AD20FFE0AC003CA67F /* Views */,
				6BEDD9AA20FFC772003CA67F /* Data */,
				6BEDD9B120FFF50D003CA67F /* ViewControllers */,
				6BEDD9B220FFF560003CA67F /* Resources */,
				D403004920C8DA39009BBAA7 /* Info.plist */,
			);
			path = VisitMinsk;
			sourceTree = "<group>";
		};
/* End PBXGroup section */

/* Begin PBXNativeTarget section */
		D403003920C8DA37009BBAA7 /* VisitMinsk */ = {
			isa = PBXNativeTarget;
			buildConfigurationList = D403004C20C8DA39009BBAA7 /* Build configuration list for PBXNativeTarget "VisitMinsk" */;
			buildPhases = (
				D403003620C8DA37009BBAA7 /* Sources */,
				D403003720C8DA37009BBAA7 /* Frameworks */,
				D403003820C8DA37009BBAA7 /* Resources */,
			);
			buildRules = (
			);
			dependencies = (
			);
			name = VisitMinsk;
			productName = VisitMinsk;
			productReference = D403003A20C8DA37009BBAA7 /* VisitMinsk.app */;
			productType = "com.apple.product-type.application";
		};
/* End PBXNativeTarget section */

/* Begin PBXProject section */
		D403003220C8DA37009BBAA7 /* Project object */ = {
			isa = PBXProject;
			attributes = {
				LastSwiftUpdateCheck = 0940;
				LastUpgradeCheck = 0940;
				ORGANIZATIONNAME = "Aleksey Kabishau";
				TargetAttributes = {
					D403003920C8DA37009BBAA7 = {
						CreatedOnToolsVersion = 9.4;
					};
				};
			};
			buildConfigurationList = D403003520C8DA37009BBAA7 /* Build configuration list for PBXProject "VisitMinsk" */;
			compatibilityVersion = "Xcode 9.3";
			developmentRegion = en;
			hasScannedForEncodings = 0;
			knownRegions = (
				en,
				Base,
			);
			mainGroup = D403003120C8DA37009BBAA7;
			productRefGroup = D403003B20C8DA37009BBAA7 /* Products */;
			projectDirPath = "";
			projectRoot = "";
			targets = (
				D403003920C8DA37009BBAA7 /* VisitMinsk */,
			);
		};
/* End PBXProject section */

/* Begin PBXResourcesBuildPhase section */
		D403003820C8DA37009BBAA7 /* Resources */ = {
			isa = PBXResourcesBuildPhase;
			buildActionMask = 2147483647;
			files = (
				6BED1F78215D902F0030FB4E /* placesMinsk.json in Resources */,
				D403004820C8DA39009BBAA7 /* LaunchScreen.storyboard in Resources */,
				6BEDD9AC20FFC7CD003CA67F /* Places.plist in Resources */,
				D403004520C8DA39009BBAA7 /* Assets.xcassets in Resources */,
				D403004320C8DA37009BBAA7 /* Main.storyboard in Resources */,
				D4DD290420E1E2A1004383BB /* HeaderView.xib in Resources */,
			);
			runOnlyForDeploymentPostprocessing = 0;
		};
/* End PBXResourcesBuildPhase section */

/* Begin PBXSourcesBuildPhase section */
		D403003620C8DA37009BBAA7 /* Sources */ = {
			isa = PBXSourcesBuildPhase;
			buildActionMask = 2147483647;
			files = (
				D403004020C8DA37009BBAA7 /* MainViewController.swift in Sources */,
				D4DD290320E1E2A1004383BB /* HeaderView.swift in Sources */,
				D46D925F20CB8F38009D1573 /* MapViewCell.swift in Sources */,
				D46D928220CF8B68009D1573 /* Place.swift in Sources */,
				D403003E20C8DA37009BBAA7 /* AppDelegate.swift in Sources */,
				6BEDD9B420FFF6E5003CA67F /* DataSource.swift in Sources */,
				5B71BD92215DD4EF00CAF1BE /* MainScreenController.swift in Sources */,
				6BEDD9AF20FFE0D5003CA67F /* GradientView.swift in Sources */,
			);
			runOnlyForDeploymentPostprocessing = 0;
		};
/* End PBXSourcesBuildPhase section */

/* Begin PBXVariantGroup section */
		D403004120C8DA37009BBAA7 /* Main.storyboard */ = {
			isa = PBXVariantGroup;
			children = (
				D403004220C8DA37009BBAA7 /* Base */,
			);
			name = Main.storyboard;
			sourceTree = "<group>";
		};
		D403004620C8DA39009BBAA7 /* LaunchScreen.storyboard */ = {
			isa = PBXVariantGroup;
			children = (
				D403004720C8DA39009BBAA7 /* Base */,
			);
			name = LaunchScreen.storyboard;
			sourceTree = "<group>";
		};
/* End PBXVariantGroup section */

/* Begin XCBuildConfiguration section */
		D403004A20C8DA39009BBAA7 /* Debug */ = {
			isa = XCBuildConfiguration;
			buildSettings = {
				ALWAYS_SEARCH_USER_PATHS = NO;
				CLANG_ANALYZER_NONNULL = YES;
				CLANG_ANALYZER_NUMBER_OBJECT_CONVERSION = YES_AGGRESSIVE;
				CLANG_CXX_LANGUAGE_STANDARD = "gnu++14";
				CLANG_CXX_LIBRARY = "libc++";
				CLANG_ENABLE_MODULES = YES;
				CLANG_ENABLE_OBJC_ARC = YES;
				CLANG_ENABLE_OBJC_WEAK = YES;
				CLANG_WARN_BLOCK_CAPTURE_AUTORELEASING = YES;
				CLANG_WARN_BOOL_CONVERSION = YES;
				CLANG_WARN_COMMA = YES;
				CLANG_WARN_CONSTANT_CONVERSION = YES;
				CLANG_WARN_DEPRECATED_OBJC_IMPLEMENTATIONS = YES;
				CLANG_WARN_DIRECT_OBJC_ISA_USAGE = YES_ERROR;
				CLANG_WARN_DOCUMENTATION_COMMENTS = YES;
				CLANG_WARN_EMPTY_BODY = YES;
				CLANG_WARN_ENUM_CONVERSION = YES;
				CLANG_WARN_INFINITE_RECURSION = YES;
				CLANG_WARN_INT_CONVERSION = YES;
				CLANG_WARN_NON_LITERAL_NULL_CONVERSION = YES;
				CLANG_WARN_OBJC_IMPLICIT_RETAIN_SELF = YES;
				CLANG_WARN_OBJC_LITERAL_CONVERSION = YES;
				CLANG_WARN_OBJC_ROOT_CLASS = YES_ERROR;
				CLANG_WARN_RANGE_LOOP_ANALYSIS = YES;
				CLANG_WARN_STRICT_PROTOTYPES = YES;
				CLANG_WARN_SUSPICIOUS_MOVE = YES;
				CLANG_WARN_UNGUARDED_AVAILABILITY = YES_AGGRESSIVE;
				CLANG_WARN_UNREACHABLE_CODE = YES;
				CLANG_WARN__DUPLICATE_METHOD_MATCH = YES;
				CODE_SIGN_IDENTITY = "iPhone Developer";
				COPY_PHASE_STRIP = NO;
				DEBUG_INFORMATION_FORMAT = dwarf;
				ENABLE_STRICT_OBJC_MSGSEND = YES;
				ENABLE_TESTABILITY = YES;
				GCC_C_LANGUAGE_STANDARD = gnu11;
				GCC_DYNAMIC_NO_PIC = NO;
				GCC_NO_COMMON_BLOCKS = YES;
				GCC_OPTIMIZATION_LEVEL = 0;
				GCC_PREPROCESSOR_DEFINITIONS = (
					"DEBUG=1",
					"$(inherited)",
				);
				GCC_WARN_64_TO_32_BIT_CONVERSION = YES;
				GCC_WARN_ABOUT_RETURN_TYPE = YES_ERROR;
				GCC_WARN_UNDECLARED_SELECTOR = YES;
				GCC_WARN_UNINITIALIZED_AUTOS = YES_AGGRESSIVE;
				GCC_WARN_UNUSED_FUNCTION = YES;
				GCC_WARN_UNUSED_VARIABLE = YES;
				IPHONEOS_DEPLOYMENT_TARGET = 11.4;
				MTL_ENABLE_DEBUG_INFO = YES;
				ONLY_ACTIVE_ARCH = YES;
				SDKROOT = iphoneos;
				SWIFT_ACTIVE_COMPILATION_CONDITIONS = DEBUG;
				SWIFT_OPTIMIZATION_LEVEL = "-Onone";
			};
			name = Debug;
		};
		D403004B20C8DA39009BBAA7 /* Release */ = {
			isa = XCBuildConfiguration;
			buildSettings = {
				ALWAYS_SEARCH_USER_PATHS = NO;
				CLANG_ANALYZER_NONNULL = YES;
				CLANG_ANALYZER_NUMBER_OBJECT_CONVERSION = YES_AGGRESSIVE;
				CLANG_CXX_LANGUAGE_STANDARD = "gnu++14";
				CLANG_CXX_LIBRARY = "libc++";
				CLANG_ENABLE_MODULES = YES;
				CLANG_ENABLE_OBJC_ARC = YES;
				CLANG_ENABLE_OBJC_WEAK = YES;
				CLANG_WARN_BLOCK_CAPTURE_AUTORELEASING = YES;
				CLANG_WARN_BOOL_CONVERSION = YES;
				CLANG_WARN_COMMA = YES;
				CLANG_WARN_CONSTANT_CONVERSION = YES;
				CLANG_WARN_DEPRECATED_OBJC_IMPLEMENTATIONS = YES;
				CLANG_WARN_DIRECT_OBJC_ISA_USAGE = YES_ERROR;
				CLANG_WARN_DOCUMENTATION_COMMENTS = YES;
				CLANG_WARN_EMPTY_BODY = YES;
				CLANG_WARN_ENUM_CONVERSION = YES;
				CLANG_WARN_INFINITE_RECURSION = YES;
				CLANG_WARN_INT_CONVERSION = YES;
				CLANG_WARN_NON_LITERAL_NULL_CONVERSION = YES;
				CLANG_WARN_OBJC_IMPLICIT_RETAIN_SELF = YES;
				CLANG_WARN_OBJC_LITERAL_CONVERSION = YES;
				CLANG_WARN_OBJC_ROOT_CLASS = YES_ERROR;
				CLANG_WARN_RANGE_LOOP_ANALYSIS = YES;
				CLANG_WARN_STRICT_PROTOTYPES = YES;
				CLANG_WARN_SUSPICIOUS_MOVE = YES;
				CLANG_WARN_UNGUARDED_AVAILABILITY = YES_AGGRESSIVE;
				CLANG_WARN_UNREACHABLE_CODE = YES;
				CLANG_WARN__DUPLICATE_METHOD_MATCH = YES;
				CODE_SIGN_IDENTITY = "iPhone Developer";
				COPY_PHASE_STRIP = NO;
				DEBUG_INFORMATION_FORMAT = "dwarf-with-dsym";
				ENABLE_NS_ASSERTIONS = NO;
				ENABLE_STRICT_OBJC_MSGSEND = YES;
				GCC_C_LANGUAGE_STANDARD = gnu11;
				GCC_NO_COMMON_BLOCKS = YES;
				GCC_WARN_64_TO_32_BIT_CONVERSION = YES;
				GCC_WARN_ABOUT_RETURN_TYPE = YES_ERROR;
				GCC_WARN_UNDECLARED_SELECTOR = YES;
				GCC_WARN_UNINITIALIZED_AUTOS = YES_AGGRESSIVE;
				GCC_WARN_UNUSED_FUNCTION = YES;
				GCC_WARN_UNUSED_VARIABLE = YES;
				IPHONEOS_DEPLOYMENT_TARGET = 11.4;
				MTL_ENABLE_DEBUG_INFO = NO;
				SDKROOT = iphoneos;
				SWIFT_COMPILATION_MODE = wholemodule;
				SWIFT_OPTIMIZATION_LEVEL = "-O";
				VALIDATE_PRODUCT = YES;
			};
			name = Release;
		};
		D403004D20C8DA39009BBAA7 /* Debug */ = {
			isa = XCBuildConfiguration;
			buildSettings = {
				ASSETCATALOG_COMPILER_APPICON_NAME = AppIcon;
				CODE_SIGN_STYLE = Automatic;
				DEVELOPMENT_TEAM = VGW2M4R8BY;
				INFOPLIST_FILE = VisitMinsk/Info.plist;
				IPHONEOS_DEPLOYMENT_TARGET = 11.0;
				LD_RUNPATH_SEARCH_PATHS = (
					"$(inherited)",
					"@executable_path/Frameworks",
				);
				PRODUCT_BUNDLE_IDENTIFIER = com.kabishau.VisitMinsk;
				PRODUCT_NAME = "$(TARGET_NAME)";
				SWIFT_VERSION = 4.0;
				TARGETED_DEVICE_FAMILY = 1;
			};
			name = Debug;
		};
		D403004E20C8DA39009BBAA7 /* Release */ = {
			isa = XCBuildConfiguration;
			buildSettings = {
				ASSETCATALOG_COMPILER_APPICON_NAME = AppIcon;
				CODE_SIGN_STYLE = Automatic;
				DEVELOPMENT_TEAM = VGW2M4R8BY;
				INFOPLIST_FILE = VisitMinsk/Info.plist;
				IPHONEOS_DEPLOYMENT_TARGET = 11.0;
				LD_RUNPATH_SEARCH_PATHS = (
					"$(inherited)",
					"@executable_path/Frameworks",
				);
				PRODUCT_BUNDLE_IDENTIFIER = com.kabishau.VisitMinsk;
				PRODUCT_NAME = "$(TARGET_NAME)";
				SWIFT_VERSION = 4.0;
				TARGETED_DEVICE_FAMILY = 1;
			};
			name = Release;
		};
/* End XCBuildConfiguration section */

/* Begin XCConfigurationList section */
		D403003520C8DA37009BBAA7 /* Build configuration list for PBXProject "VisitMinsk" */ = {
			isa = XCConfigurationList;
			buildConfigurations = (
				D403004A20C8DA39009BBAA7 /* Debug */,
				D403004B20C8DA39009BBAA7 /* Release */,
			);
			defaultConfigurationIsVisible = 0;
			defaultConfigurationName = Release;
		};
		D403004C20C8DA39009BBAA7 /* Build configuration list for PBXNativeTarget "VisitMinsk" */ = {
			isa = XCConfigurationList;
			buildConfigurations = (
				D403004D20C8DA39009BBAA7 /* Debug */,
				D403004E20C8DA39009BBAA7 /* Release */,
			);
			defaultConfigurationIsVisible = 0;
			defaultConfigurationName = Release;
		};
/* End XCConfigurationList section */
	};
	rootObject = D403003220C8DA37009BBAA7 /* Project object */;
}
